
Microsoft Visual Studio Solution File, Format Version 12.00
# Visual Studio Version 16
VisualStudioVersion = 16.0.31005.135
MinimumVisualStudioVersion = 10.0.40219.1
Project("{9A19103F-16F7-4668-BE54-9A1E7A4F7556}") = "CurrencyGrpcService.WpfApp", "CurrencyGrpcSevice.WpfApp\CurrencyGrpcService.WpfApp.csproj", "{FDA75575-AF07-4DE5-826C-54EE9215D0F8}"
EndProject
Project("{9A19103F-16F7-4668-BE54-9A1E7A4F7556}") = "CurrencyGrpcService", "CurrencyGrpcSevice\CurrencyGrpcService.csproj", "{40017D82-5942-418C-8C11-E88BD6D5C6DD}"
EndProject
Project("{9A19103F-16F7-4668-BE54-9A1E7A4F7556}") = "CurrencyGrpcService.ClientLib", "CurrencyGrpcSevice.ClientLib\CurrencyGrpcService.ClientLib.csproj", "{35184696-A5FF-4C91-AC45-B6F7F3AD5B44}"
EndProject
Project("{2150E333-8FDC-42A3-9474-1A3956D46DE8}") = "Solution Items", "Solution Items", "{D7BEE6F7-B259-469C-851C-DB586676F558}"
	ProjectSection(SolutionItems) = preProject
		currency.proto = currency.proto
	EndProjectSection
EndProject
Global
	GlobalSection(SolutionConfigurationPlatforms) = preSolution
		Debug|Any CPU = Debug|Any CPU
		Release|Any CPU = Release|Any CPU
	EndGlobalSection
	GlobalSection(ProjectConfigurationPlatforms) = postSolution
		{FDA75575-AF07-4DE5-826C-54EE9215D0F8}.Debug|Any CPU.ActiveCfg = Debug|Any CPU
		{FDA75575-AF07-4DE5-826C-54EE9215D0F8}.Debug|Any CPU.Build.0 = Debug|Any CPU
		{FDA75575-AF07-4DE5-826C-54EE9215D0F8}.Release|Any CPU.ActiveCfg = Release|Any CPU
		{FDA75575-AF07-4DE5-826C-54EE9215D0F8}.Release|Any CPU.Build.0 = Release|Any CPU
		{40017D82-5942-418C-8C11-E88BD6D5C6DD}.Debug|Any CPU.ActiveCfg = Debug|Any CPU
		{40017D82-5942-418C-8C11-E88BD6D5C6DD}.Debug|Any CPU.Build.0 = Debug|Any CPU
		{40017D82-5942-418C-8C11-E88BD6D5C6DD}.Release|Any CPU.ActiveCfg = Release|Any CPU
		{40017D82-5942-418C-8C11-E88BD6D5C6DD}.Release|Any CPU.Build.0 = Release|Any CPU
		{35184696-A5FF-4C91-AC45-B6F7F3AD5B44}.Debug|Any CPU.ActiveCfg = Debug|Any CPU
		{35184696-A5FF-4C91-AC45-B6F7F3AD5B44}.Debug|Any CPU.Build.0 = Debug|Any CPU
		{35184696-A5FF-4C91-AC45-B6F7F3AD5B44}.Release|Any CPU.ActiveCfg = Release|Any CPU
		{35184696-A5FF-4C91-AC45-B6F7F3AD5B44}.Release|Any CPU.Build.0 = Release|Any CPU
	EndGlobalSection
	GlobalSection(SolutionProperties) = preSolution
		HideSolutionNode = FALSE
	EndGlobalSection
	GlobalSection(ExtensibilityGlobals) = postSolution
		SolutionGuid = {E6A94C47-B731-4248-AFC0-1DF8F1BCE7C3}
	EndGlobalSection
EndGlobal
